{
  "object": {
    "pins": [
      {
        "package": "Alamofire",
        "repositoryURL": "https://github.com/Alamofire/Alamofire.git",
        "state": {
          "branch": null,
          "revision": "8dd85aee02e39dd280c75eef88ffdb86eed4b07b",
          "version": "5.6.2"
        }
      },
      {
        "package": "BigInt",
        "repositoryURL": "https://github.com/attaswift/BigInt.git",
        "state": {
          "branch": null,
          "revision": "0ed110f7555c34ff468e72e1686e59721f2b0da6",
          "version": "5.3.0"
        }
      },
      {
        "package": "Cuckoo",
        "repositoryURL": "https://github.com/Brightify/Cuckoo.git",
        "state": {
          "branch": null,
          "revision": "64b1681e37444d998e9cff2df6537a75695ab638",
          "version": "1.9.1"
        }
      },
      {
        "package": "CwlCatchException",
        "repositoryURL": "https://github.com/mattgallagher/CwlCatchException.git",
        "state": {
          "branch": null,
          "revision": "35f9e770f54ce62dd8526470f14c6e137cef3eea",
          "version": "2.1.1"
        }
      },
      {
        "package": "CwlPreconditionTesting",
        "repositoryURL": "https://github.com/mattgallagher/CwlPreconditionTesting.git",
        "state": {
          "branch": null,
          "revision": "c21f7bab5ca8eee0a9998bbd17ca1d0eb45d4688",
          "version": "2.1.0"
        }
      },
      {
        "package": "GRDB",
        "repositoryURL": "https://github.com/groue/GRDB.swift.git",
        "state": {
          "branch": null,
          "revision": "dd7e7f39e8e4d7a22d258d9809a882f914690b01",
          "version": "5.26.1"
        }
      },
      {
        "package": "HdWalletKit",
        "repositoryURL": "https://github.com/horizontalsystems/HdWalletKit.Swift.git",
        "state": {
          "branch": null,
          "revision": "c2b9d5911c38851041fa6c0c5712443788e8e4bb",
          "version": "1.2.1"
        }
      },
      {
        "package": "HsCryptoKit.Swift",
        "repositoryURL": "https://github.com/horizontalsystems/HsCryptoKit.Swift.git",
        "state": {
          "branch": null,
          "revision": "365887e4b6eca358a8d9092132c0ca7530745bf7",
          "version": "1.0.2"
        }
      },
      {
        "package": "HsExtensions.Swift",
        "repositoryURL": "https://github.com/horizontalsystems/HsExtensions.Swift.git",
        "state": {
          "branch": null,
          "revision": "a916c373740b157433c626c6814c3a85ae168f2a",
          "version": "1.0.2"
        }
      },
      {
        "package": "HsToolKit",
        "repositoryURL": "https://github.com/horizontalsystems/HsToolKit.Swift.git",
        "state": {
          "branch": null,
          "revision": "ec49d16f17fa234142042c2bd6495c91e575393e",
          "version": "1.4.0"
        }
      },
      {
        "package": "Nimble",
        "repositoryURL": "https://github.com/Quick/Nimble.git",
        "state": {
          "branch": null,
          "revision": "1f3bde57bde12f5e7b07909848c071e9b73d6edc",
          "version": "10.0.0"
        }
      },
      {
        "package": "ObjectMapper",
        "repositoryURL": "https://github.com/tristanhimmelman/ObjectMapper.git",
        "state": {
          "branch": null,
          "revision": "0b96a734de3ea1c87374ae677064f86adb0716ec",
          "version": "4.2.0"
        }
      },
      {
        "package": "Quick",
        "repositoryURL": "https://github.com/Quick/Quick.git",
        "state": {
          "branch": null,
          "revision": "f9d519828bb03dfc8125467d8f7b93131951124c",
          "version": "5.0.1"
        }
      },
      {
        "package": "RxSwift",
        "repositoryURL": "https://github.com/ReactiveX/RxSwift.git",
        "state": {
          "branch": null,
          "revision": "cec68169a048a079f461ba203fe85636548d7a89",
          "version": "5.1.3"
        }
      },
      {
        "package": "secp256k1",
        "repositoryURL": "https://github.com/GigaBitcoin/secp256k1.swift.git",
        "state": {
          "branch": null,
          "revision": "b80388789a8058fc99202436225f8f15d35dfbea",
          "version": "0.8.1"
        }
      },
      {
        "package": "swift-atomics",
        "repositoryURL": "https://github.com/apple/swift-atomics.git",
        "state": {
          "branch": null,
          "revision": "919eb1d83e02121cdb434c7bfc1f0c66ef17febe",
          "version": "1.0.2"
        }
      },
      {
        "package": "swift-collections",
        "repositoryURL": "https://github.com/apple/swift-collections.git",
        "state": {
          "branch": null,
          "revision": "f504716c27d2e5d4144fa4794b12129301d17729",
          "version": "1.0.3"
        }
      },
      {
        "package": "swift-crypto",
        "repositoryURL": "https://github.com/apple/swift-crypto.git",
        "state": {
          "branch": null,
          "revision": "d9825fa541df64b1a7b182178d61b9a82730d01f",
          "version": "2.1.0"
        }
      },
      {
        "package": "swift-nio",
        "repositoryURL": "https://github.com/apple/swift-nio.git",
        "state": {
          "branch": null,
          "revision": "a16e2f54a25b2af217044e5168997009a505930f",
          "version": "2.42.0"
        }
      },
      {
        "package": "swift-nio-ssl",
        "repositoryURL": "https://github.com/apple/swift-nio-ssl.git",
        "state": {
          "branch": null,
          "revision": "ba7c0d7f82affc518147ea61d240330bf7f7ea9b",
          "version": "2.22.1"
        }
      }
    ]
  },
  "version": 1
}
